
Microsoft Visual Studio Solution File, Format Version 12.00
# Visual Studio Version 16
VisualStudioVersion = 16.0.29306.81
MinimumVisualStudioVersion = 10.0.40219.1
Project("{FAE04EC0-301F-11D3-BF4B-00C04F79EFBC}") = "CA20201007", "CA20201007\CA20201007.csproj", "{0104EF64-DFEB-4FC6-91F0-010FC566D602}"
EndProject
Global
	GlobalSection(SolutionConfigurationPlatforms) = preSolution
		Debug|Any CPU = Debug|Any CPU
		Release|Any CPU = Release|Any CPU
	EndGlobalSection
	GlobalSection(ProjectConfigurationPlatforms) = postSolution
		{0104EF64-DFEB-4FC6-91F0-010FC566D602}.Debug|Any CPU.ActiveCfg = Debug|Any CPU
		{0104EF64-DFEB-4FC6-91F0-010FC566D602}.Debug|Any CPU.Build.0 = Debug|Any CPU
		{0104EF64-DFEB-4FC6-91F0-010FC566D602}.Release|Any CPU.ActiveCfg = Release|Any CPU
		{0104EF64-DFEB-4FC6-91F0-010FC566D602}.Release|Any CPU.Build.0 = Release|Any CPU
	EndGlobalSection
	GlobalSection(SolutionProperties) = preSolution
		HideSolutionNode = FALSE
	EndGlobalSection
	GlobalSection(ExtensibilityGlobals) = postSolution
		SolutionGuid = {CEF36666-A025-409A-91C0-8428F8D9CF0F}
	EndGlobalSection
EndGlobal
